
Microsoft Visual Studio Solution File, Format Version 12.00
# Visual Studio Version 16
VisualStudioVersion = 16.0.33027.164
MinimumVisualStudioVersion = 10.0.40219.1
Project("{FAE04EC0-301F-11D3-BF4B-00C04F79EFBC}") = "creWin-Nurhak-Sözer", "creWin-Nurhak-Sözer\creWin-Nurhak-Sözer.csproj", "{6BB69D00-9916-4004-B6A1-2113BCFD57A1}"
EndProject
Global
	GlobalSection(SolutionConfigurationPlatforms) = preSolution
		Debug|Any CPU = Debug|Any CPU
		Release|Any CPU = Release|Any CPU
	EndGlobalSection
	GlobalSection(ProjectConfigurationPlatforms) = postSolution
		{6BB69D00-9916-4004-B6A1-2113BCFD57A1}.Debug|Any CPU.ActiveCfg = Debug|Any CPU
		{6BB69D00-9916-4004-B6A1-2113BCFD57A1}.Debug|Any CPU.Build.0 = Debug|Any CPU
		{6BB69D00-9916-4004-B6A1-2113BCFD57A1}.Release|Any CPU.ActiveCfg = Release|Any CPU
		{6BB69D00-9916-4004-B6A1-2113BCFD57A1}.Release|Any CPU.Build.0 = Release|Any CPU
	EndGlobalSection
	GlobalSection(SolutionProperties) = preSolution
		HideSolutionNode = FALSE
	EndGlobalSection
	GlobalSection(ExtensibilityGlobals) = postSolution
		SolutionGuid = {DAB4E886-7FB0-4CE5-A989-CB238D6DAADC}
	EndGlobalSection
EndGlobal
